// !$*UTF8*$!
{
	archiveVersion = 1;
	classes = {
	};
	objectVersion = 50;
	objects = {

/* Begin PBXBuildFile section */
		A62186B620DEA8C10061369C /* AppDelegate.swift in Sources */ = {isa = PBXBuildFile; fileRef = A62186B520DEA8C10061369C /* AppDelegate.swift */; };
		A62186B820DEA8C10061369C /* ViewController.swift in Sources */ = {isa = PBXBuildFile; fileRef = A62186B720DEA8C10061369C /* ViewController.swift */; };
		A62186BB20DEA8C10061369C /* Main.storyboard in Resources */ = {isa = PBXBuildFile; fileRef = A62186B920DEA8C10061369C /* Main.storyboard */; };
		A62186BD20DEA8C30061369C /* Assets.xcassets in Resources */ = {isa = PBXBuildFile; fileRef = A62186BC20DEA8C30061369C /* Assets.xcassets */; };
		A62186C020DEA8C30061369C /* LaunchScreen.storyboard in Resources */ = {isa = PBXBuildFile; fileRef = A62186BE20DEA8C30061369C /* LaunchScreen.storyboard */; };
		A62186C820DEA8D20061369C /* sample.txt in Resources */ = {isa = PBXBuildFile; fileRef = A62186C720DEA8D20061369C /* sample.txt */; };
		A62186CA20DEAB950061369C /* PA_file.txt in Resources */ = {isa = PBXBuildFile; fileRef = A62186C920DEAB950061369C /* PA_file.txt */; };
/* End PBXBuildFile section */

/* Begin PBXFileReference section */
		A62186B220DEA8C10061369C /* CalculateArrayInversions.app */ = {isa = PBXFileReference; explicitFileType = wrapper.application; includeInIndex = 0; path = CalculateArrayInversions.app; sourceTree = BUILT_PRODUCTS_DIR; };
		A62186B520DEA8C10061369C /* AppDelegate.swift */ = {isa = PBXFileReference; lastKnownFileType = sourcecode.swift; path = AppDelegate.swift; sourceTree = "<group>"; };
		A62186B720DEA8C10061369C /* ViewController.swift */ = {isa = PBXFileReference; lastKnownFileType = sourcecode.swift; path = ViewController.swift; sourceTree = "<group>"; };
		A62186BA20DEA8C10061369C /* Base */ = {isa = PBXFileReference; lastKnownFileType = file.storyboard; name = Base; path = Base.lproj/Main.storyboard; sourceTree = "<group>"; };
		A62186BC20DEA8C30061369C /* Assets.xcassets */ = {isa = PBXFileReference; lastKnownFileType = folder.assetcatalog; path = Assets.xcassets; sourceTree = "<group>"; };
		A62186BF20DEA8C30061369C /* Base */ = {isa = PBXFileReference; lastKnownFileType = file.storyboard; name = Base; path = Base.lproj/LaunchScreen.storyboard; sourceTree = "<group>"; };
		A62186C120DEA8C30061369C /* Info.plist */ = {isa = PBXFileReference; lastKnownFileType = text.plist.xml; path = Info.plist; sourceTree = "<group>"; };
		A62186C720DEA8D20061369C /* sample.txt */ = {isa = PBXFileReference; fileEncoding = 4; lastKnownFileType = text; path = sample.txt; sourceTree = "<group>"; };
		A62186C920DEAB950061369C /* PA_file.txt */ = {isa = PBXFileReference; fileEncoding = 4; lastKnownFileType = text; path = PA_file.txt; sourceTree = "<group>"; };
/* End PBXFileReference section */

/* Begin PBXFrameworksBuildPhase section */
		A62186AF20DEA8C10061369C /* Frameworks */ = {
			isa = PBXFrameworksBuildPhase;
			buildActionMask = 2147483647;
			files = (
			);
			runOnlyForDeploymentPostprocessing = 0;
		};
/* End PBXFrameworksBuildPhase section */

/* Begin PBXGroup section */
		A62186A920DEA8C10061369C = {
			isa = PBXGroup;
			children = (
				A62186B420DEA8C10061369C /* CalculateArrayInversions */,
				A62186B320DEA8C10061369C /* Products */,
			);
			sourceTree = "<group>";
		};
		A62186B320DEA8C10061369C /* Products */ = {
			isa = PBXGroup;
			children = (
				A62186B220DEA8C10061369C /* CalculateArrayInversions.app */,
			);
			name = Products;
			sourceTree = "<group>";
		};
		A62186B420DEA8C10061369C /* CalculateArrayInversions */ = {
			isa = PBXGroup;
			children = (
				A62186B520DEA8C10061369C /* AppDelegate.swift */,
				A62186B720DEA8C10061369C /* ViewController.swift */,
				A62186B920DEA8C10061369C /* Main.storyboard */,
				A62186BC20DEA8C30061369C /* Assets.xcassets */,
				A62186BE20DEA8C30061369C /* LaunchScreen.storyboard */,
				A62186C720DEA8D20061369C /* sample.txt */,
				A62186C920DEAB950061369C /* PA_file.txt */,
				A62186C120DEA8C30061369C /* Info.plist */,
			);
			path = CalculateArrayInversions;
			sourceTree = "<group>";
		};
/* End PBXGroup section */

/* Begin PBXNativeTarget section */
		A62186B120DEA8C10061369C /* CalculateArrayInversions */ = {
			isa = PBXNativeTarget;
			buildConfigurationList = A62186C420DEA8C30061369C /* Build configuration list for PBXNativeTarget "CalculateArrayInversions" */;
			buildPhases = (
				A62186AE20DEA8C10061369C /* Sources */,
				A62186AF20DEA8C10061369C /* Frameworks */,
				A62186B020DEA8C10061369C /* Resources */,
			);
			buildRules = (
			);
			dependencies = (
			);
			name = CalculateArrayInversions;
			productName = CalculateArrayInversions;
			productReference = A62186B220DEA8C10061369C /* CalculateArrayInversions.app */;
			productType = "com.apple.product-type.application";
		};
/* End PBXNativeTarget section */

/* Begin PBXProject section */
		A62186AA20DEA8C10061369C /* Project object */ = {
			isa = PBXProject;
			attributes = {
				LastSwiftUpdateCheck = 0940;
				LastUpgradeCheck = 0940;
				ORGANIZATIONNAME = "Tung Fam";
				TargetAttributes = {
					A62186B120DEA8C10061369C = {
						CreatedOnToolsVersion = 9.4.1;
					};
				};
			};
			buildConfigurationList = A62186AD20DEA8C10061369C /* Build configuration list for PBXProject "CalculateArrayInversions" */;
			compatibilityVersion = "Xcode 9.3";
			developmentRegion = en;
			hasScannedForEncodings = 0;
			knownRegions = (
				en,
				Base,
			);
			mainGroup = A62186A920DEA8C10061369C;
			productRefGroup = A62186B320DEA8C10061369C /* Products */;
			projectDirPath = "";
			projectRoot = "";
			targets = (
				A62186B120DEA8C10061369C /* CalculateArrayInversions */,
			);
		};
/* End PBXProject section */

/* Begin PBXResourcesBuildPhase section */
		A62186B020DEA8C10061369C /* Resources */ = {
			isa = PBXResourcesBuildPhase;
			buildActionMask = 2147483647;
			files = (
				A62186C820DEA8D20061369C /* sample.txt in Resources */,
				A62186C020DEA8C30061369C /* LaunchScreen.storyboard in Resources */,
				A62186BD20DEA8C30061369C /* Assets.xcassets in Resources */,
				A62186CA20DEAB950061369C /* PA_file.txt in Resources */,
				A62186BB20DEA8C10061369C /* Main.storyboard in Resources */,
			);
			runOnlyForDeploymentPostprocessing = 0;
		};
/* End PBXResourcesBuildPhase section */

/* Begin PBXSourcesBuildPhase section */
		A62186AE20DEA8C10061369C /* Sources */ = {
			isa = PBXSourcesBuildPhase;
			buildActionMask = 2147483647;
			files = (
				A62186B820DEA8C10061369C /* ViewController.swift in Sources */,
				A62186B620DEA8C10061369C /* AppDelegate.swift in Sources */,
			);
			runOnlyForDeploymentPostprocessing = 0;
		};
/* End PBXSourcesBuildPhase section */

/* Begin PBXVariantGroup section */
		A62186B920DEA8C10061369C /* Main.storyboard */ = {
			isa = PBXVariantGroup;
			children = (
				A62186BA20DEA8C10061369C /* Base */,
			);
			name = Main.storyboard;
			sourceTree = "<group>";
		};
		A62186BE20DEA8C30061369C /* LaunchScreen.storyboard */ = {
			isa = PBXVariantGroup;
			children = (
				A62186BF20DEA8C30061369C /* Base */,
			);
			name = LaunchScreen.storyboard;
			sourceTree = "<group>";
		};
/* End PBXVariantGroup section */

/* Begin XCBuildConfiguration section */
		A62186C220DEA8C30061369C /* Debug */ = {
			isa = XCBuildConfiguration;
			buildSettings = {
				ALWAYS_SEARCH_USER_PATHS = NO;
				CLANG_ANALYZER_NONNULL = YES;
				CLANG_ANALYZER_NUMBER_OBJECT_CONVERSION = YES_AGGRESSIVE;
				CLANG_CXX_LANGUAGE_STANDARD = "gnu++14";
				CLANG_CXX_LIBRARY = "libc++";
				CLANG_ENABLE_MODULES = YES;
				CLANG_ENABLE_OBJC_ARC = YES;
				CLANG_ENABLE_OBJC_WEAK = YES;
				CLANG_WARN_BLOCK_CAPTURE_AUTORELEASING = YES;
				CLANG_WARN_BOOL_CONVERSION = YES;
				CLANG_WARN_COMMA = YES;
				CLANG_WARN_CONSTANT_CONVERSION = YES;
				CLANG_WARN_DEPRECATED_OBJC_IMPLEMENTATIONS = YES;
				CLANG_WARN_DIRECT_OBJC_ISA_USAGE = YES_ERROR;
				CLANG_WARN_DOCUMENTATION_COMMENTS = YES;
				CLANG_WARN_EMPTY_BODY = YES;
				CLANG_WARN_ENUM_CONVERSION = YES;
				CLANG_WARN_INFINITE_RECURSION = YES;
				CLANG_WARN_INT_CONVERSION = YES;
				CLANG_WARN_NON_LITERAL_NULL_CONVERSION = YES;
				CLANG_WARN_OBJC_IMPLICIT_RETAIN_SELF = YES;
				CLANG_WARN_OBJC_LITERAL_CONVERSION = YES;
				CLANG_WARN_OBJC_ROOT_CLASS = YES_ERROR;
				CLANG_WARN_RANGE_LOOP_ANALYSIS = YES;
				CLANG_WARN_STRICT_PROTOTYPES = YES;
				CLANG_WARN_SUSPICIOUS_MOVE = YES;
				CLANG_WARN_UNGUARDED_AVAILABILITY = YES_AGGRESSIVE;
				CLANG_WARN_UNREACHABLE_CODE = YES;
				CLANG_WARN__DUPLICATE_METHOD_MATCH = YES;
				CODE_SIGN_IDENTITY = "iPhone Developer";
				COPY_PHASE_STRIP = NO;
				DEBUG_INFORMATION_FORMAT = dwarf;
				ENABLE_STRICT_OBJC_MSGSEND = YES;
				ENABLE_TESTABILITY = YES;
				GCC_C_LANGUAGE_STANDARD = gnu11;
				GCC_DYNAMIC_NO_PIC = NO;
				GCC_NO_COMMON_BLOCKS = YES;
				GCC_OPTIMIZATION_LEVEL = 0;
				GCC_PREPROCESSOR_DEFINITIONS = (
					"DEBUG=1",
					"$(inherited)",
				);
				GCC_WARN_64_TO_32_BIT_CONVERSION = YES;
				GCC_WARN_ABOUT_RETURN_TYPE = YES_ERROR;
				GCC_WARN_UNDECLARED_SELECTOR = YES;
				GCC_WARN_UNINITIALIZED_AUTOS = YES_AGGRESSIVE;
				GCC_WARN_UNUSED_FUNCTION = YES;
				GCC_WARN_UNUSED_VARIABLE = YES;
				IPHONEOS_DEPLOYMENT_TARGET = 11.4;
				MTL_ENABLE_DEBUG_INFO = YES;
				ONLY_ACTIVE_ARCH = YES;
				SDKROOT = iphoneos;
				SWIFT_ACTIVE_COMPILATION_CONDITIONS = DEBUG;
				SWIFT_OPTIMIZATION_LEVEL = "-Onone";
			};
			name = Debug;
		};
		A62186C320DEA8C30061369C /* Release */ = {
			isa = XCBuildConfiguration;
			buildSettings = {
				ALWAYS_SEARCH_USER_PATHS = NO;
				CLANG_ANALYZER_NONNULL = YES;
				CLANG_ANALYZER_NUMBER_OBJECT_CONVERSION = YES_AGGRESSIVE;
				CLANG_CXX_LANGUAGE_STANDARD = "gnu++14";
				CLANG_CXX_LIBRARY = "libc++";
				CLANG_ENABLE_MODULES = YES;
				CLANG_ENABLE_OBJC_ARC = YES;
				CLANG_ENABLE_OBJC_WEAK = YES;
				CLANG_WARN_BLOCK_CAPTURE_AUTORELEASING = YES;
				CLANG_WARN_BOOL_CONVERSION = YES;
				CLANG_WARN_COMMA = YES;
				CLANG_WARN_CONSTANT_CONVERSION = YES;
				CLANG_WARN_DEPRECATED_OBJC_IMPLEMENTATIONS = YES;
				CLANG_WARN_DIRECT_OBJC_ISA_USAGE = YES_ERROR;
				CLANG_WARN_DOCUMENTATION_COMMENTS = YES;
				CLANG_WARN_EMPTY_BODY = YES;
				CLANG_WARN_ENUM_CONVERSION = YES;
				CLANG_WARN_INFINITE_RECURSION = YES;
				CLANG_WARN_INT_CONVERSION = YES;
				CLANG_WARN_NON_LITERAL_NULL_CONVERSION = YES;
				CLANG_WARN_OBJC_IMPLICIT_RETAIN_SELF = YES;
				CLANG_WARN_OBJC_LITERAL_CONVERSION = YES;
				CLANG_WARN_OBJC_ROOT_CLASS = YES_ERROR;
				CLANG_WARN_RANGE_LOOP_ANALYSIS = YES;
				CLANG_WARN_STRICT_PROTOTYPES = YES;
				CLANG_WARN_SUSPICIOUS_MOVE = YES;
				CLANG_WARN_UNGUARDED_AVAILABILITY = YES_AGGRESSIVE;
				CLANG_WARN_UNREACHABLE_CODE = YES;
				CLANG_WARN__DUPLICATE_METHOD_MATCH = YES;
				CODE_SIGN_IDENTITY = "iPhone Developer";
				COPY_PHASE_STRIP = NO;
				DEBUG_INFORMATION_FORMAT = "dwarf-with-dsym";
				ENABLE_NS_ASSERTIONS = NO;
				ENABLE_STRICT_OBJC_MSGSEND = YES;
				GCC_C_LANGUAGE_STANDARD = gnu11;
				GCC_NO_COMMON_BLOCKS = YES;
				GCC_WARN_64_TO_32_BIT_CONVERSION = YES;
				GCC_WARN_ABOUT_RETURN_TYPE = YES_ERROR;
				GCC_WARN_UNDECLARED_SELECTOR = YES;
				GCC_WARN_UNINITIALIZED_AUTOS = YES_AGGRESSIVE;
				GCC_WARN_UNUSED_FUNCTION = YES;
				GCC_WARN_UNUSED_VARIABLE = YES;
				IPHONEOS_DEPLOYMENT_TARGET = 11.4;
				MTL_ENABLE_DEBUG_INFO = NO;
				SDKROOT = iphoneos;
				SWIFT_COMPILATION_MODE = wholemodule;
				SWIFT_OPTIMIZATION_LEVEL = "-O";
				VALIDATE_PRODUCT = YES;
			};
			name = Release;
		};
		A62186C520DEA8C30061369C /* Debug */ = {
			isa = XCBuildConfiguration;
			buildSettings = {
				ASSETCATALOG_COMPILER_APPICON_NAME = AppIcon;
				CODE_SIGN_STYLE = Automatic;
				DEVELOPMENT_TEAM = YZT3W6BM9X;
				INFOPLIST_FILE = CalculateArrayInversions/Info.plist;
				LD_RUNPATH_SEARCH_PATHS = (
					"$(inherited)",
					"@executable_path/Frameworks",
				);
				PRODUCT_BUNDLE_IDENTIFIER = com.tungfam.CalculateArrayInversions;
				PRODUCT_NAME = "$(TARGET_NAME)";
				SWIFT_VERSION = 4.0;
				TARGETED_DEVICE_FAMILY = "1,2";
			};
			name = Debug;
		};
		A62186C620DEA8C30061369C /* Release */ = {
			isa = XCBuildConfiguration;
			buildSettings = {
				ASSETCATALOG_COMPILER_APPICON_NAME = AppIcon;
				CODE_SIGN_STYLE = Automatic;
				DEVELOPMENT_TEAM = YZT3W6BM9X;
				INFOPLIST_FILE = CalculateArrayInversions/Info.plist;
				LD_RUNPATH_SEARCH_PATHS = (
					"$(inherited)",
					"@executable_path/Frameworks",
				);
				PRODUCT_BUNDLE_IDENTIFIER = com.tungfam.CalculateArrayInversions;
				PRODUCT_NAME = "$(TARGET_NAME)";
				SWIFT_VERSION = 4.0;
				TARGETED_DEVICE_FAMILY = "1,2";
			};
			name = Release;
		};
/* End XCBuildConfiguration section */

/* Begin XCConfigurationList section */
		A62186AD20DEA8C10061369C /* Build configuration list for PBXProject "CalculateArrayInversions" */ = {
			isa = XCConfigurationList;
			buildConfigurations = (
				A62186C220DEA8C30061369C /* Debug */,
				A62186C320DEA8C30061369C /* Release */,
			);
			defaultConfigurationIsVisible = 0;
			defaultConfigurationName = Release;
		};
		A62186C420DEA8C30061369C /* Build configuration list for PBXNativeTarget "CalculateArrayInversions" */ = {
			isa = XCConfigurationList;
			buildConfigurations = (
				A62186C520DEA8C30061369C /* Debug */,
				A62186C620DEA8C30061369C /* Release */,
			);
			defaultConfigurationIsVisible = 0;
			defaultConfigurationName = Release;
		};
/* End XCConfigurationList section */
	};
	rootObject = A62186AA20DEA8C10061369C /* Project object */;
}
